
Microsoft Visual Studio Solution File, Format Version 12.00
# Visual Studio 2012
Project("{FAE04EC0-301F-11D3-BF4B-00C04F79EFBC}") = "Program7", "Program7.csproj", "{A7A24D40-10FE-4E2F-91E4-005D819B218F}"
EndProject
Global
	GlobalSection(SolutionConfigurationPlatforms) = preSolution
		Debug|Any CPU = Debug|Any CPU
		Release|Any CPU = Release|Any CPU
	EndGlobalSection
	GlobalSection(ProjectConfigurationPlatforms) = postSolution
		{A7A24D40-10FE-4E2F-91E4-005D819B218F}.Debug|Any CPU.ActiveCfg = Debug|Any CPU
		{A7A24D40-10FE-4E2F-91E4-005D819B218F}.Debug|Any CPU.Build.0 = Debug|Any CPU
		{A7A24D40-10FE-4E2F-91E4-005D819B218F}.Release|Any CPU.ActiveCfg = Release|Any CPU
		{A7A24D40-10FE-4E2F-91E4-005D819B218F}.Release|Any CPU.Build.0 = Release|Any CPU
	EndGlobalSection
	GlobalSection(SolutionProperties) = preSolution
		HideSolutionNode = FALSE
	EndGlobalSection
EndGlobal
